# Generated by Dagger. Pins the images and git refs this workspace uses.
# Any Dagger command may update this file; always commit it with your changes.
# Run `dagger workspace update` to refresh the pinned versions.
[["version","2"]]
["","oci-sha",["docker.io/library/golang:1.27"],"sha256:3680233e3204827fbdc66088528ae6d4b3d034f51d03a99d454f6de034888244"]